
Microsoft Visual Studio Solution File, Format Version 12.00
# Visual Studio Version 17
VisualStudioVersion = 17.7.34221.43
MinimumVisualStudioVersion = 10.0.40219.1
Project("{9A19103F-16F7-4668-BE54-9A1E7A4F7556}") = "BonustrackU8", "BonustrackU8\BonustrackU8.csproj", "{02E0CEBC-44EA-423B-9EF7-4D5C6038F5EE}"
EndProject
Project("{FAE04EC0-301F-11D3-BF4B-00C04F79EFBC}") = "Biblioteca", "Biblioteca\Biblioteca.csproj", "{90F54155-4A4D-44DC-BDC3-8D313AD1E70F}"
EndProject
Global
	GlobalSection(SolutionConfigurationPlatforms) = preSolution
		Debug|Any CPU = Debug|Any CPU
		Release|Any CPU = Release|Any CPU
	EndGlobalSection
	GlobalSection(ProjectConfigurationPlatforms) = postSolution
		{02E0CEBC-44EA-423B-9EF7-4D5C6038F5EE}.Debug|Any CPU.ActiveCfg = Debug|Any CPU
		{02E0CEBC-44EA-423B-9EF7-4D5C6038F5EE}.Debug|Any CPU.Build.0 = Debug|Any CPU
		{02E0CEBC-44EA-423B-9EF7-4D5C6038F5EE}.Release|Any CPU.ActiveCfg = Release|Any CPU
		{02E0CEBC-44EA-423B-9EF7-4D5C6038F5EE}.Release|Any CPU.Build.0 = Release|Any CPU
		{90F54155-4A4D-44DC-BDC3-8D313AD1E70F}.Debug|Any CPU.ActiveCfg = Debug|Any CPU
		{90F54155-4A4D-44DC-BDC3-8D313AD1E70F}.Debug|Any CPU.Build.0 = Debug|Any CPU
		{90F54155-4A4D-44DC-BDC3-8D313AD1E70F}.Release|Any CPU.ActiveCfg = Release|Any CPU
		{90F54155-4A4D-44DC-BDC3-8D313AD1E70F}.Release|Any CPU.Build.0 = Release|Any CPU
	EndGlobalSection
	GlobalSection(SolutionProperties) = preSolution
		HideSolutionNode = FALSE
	EndGlobalSection
	GlobalSection(ExtensibilityGlobals) = postSolution
		SolutionGuid = {11903221-689D-417E-A7C4-51C3068BDDC0}
	EndGlobalSection
EndGlobal
